
Microsoft Visual Studio Solution File, Format Version 12.00
# Visual Studio Version 17
VisualStudioVersion = 17.1.32407.343
MinimumVisualStudioVersion = 10.0.40219.1
Project("{9A19103F-16F7-4668-BE54-9A1E7A4F7556}") = "Pizzaria", "Pizzaria\Pizzaria.csproj", "{C6CCE1DA-46F9-4625-91DD-28C76C5A2A56}"
EndProject
Project("{2150E333-8FDC-42A3-9474-1A3956D46DE8}") = "Solution Items", "Solution Items", "{2261DDD0-C9D1-4C46-BCF2-C093764ADBA3}"
	ProjectSection(SolutionItems) = preProject
		.editorconfig = .editorconfig
	EndProjectSection
EndProject
Global
	GlobalSection(SolutionConfigurationPlatforms) = preSolution
		Debug|Any CPU = Debug|Any CPU
		Release|Any CPU = Release|Any CPU
	EndGlobalSection
	GlobalSection(ProjectConfigurationPlatforms) = postSolution
		{C6CCE1DA-46F9-4625-91DD-28C76C5A2A56}.Debug|Any CPU.ActiveCfg = Debug|Any CPU
		{C6CCE1DA-46F9-4625-91DD-28C76C5A2A56}.Debug|Any CPU.Build.0 = Debug|Any CPU
		{C6CCE1DA-46F9-4625-91DD-28C76C5A2A56}.Release|Any CPU.ActiveCfg = Release|Any CPU
		{C6CCE1DA-46F9-4625-91DD-28C76C5A2A56}.Release|Any CPU.Build.0 = Release|Any CPU
	EndGlobalSection
	GlobalSection(SolutionProperties) = preSolution
		HideSolutionNode = FALSE
	EndGlobalSection
	GlobalSection(ExtensibilityGlobals) = postSolution
		SolutionGuid = {022D152C-7A36-433B-B59E-5FCEE3BADC1A}
	EndGlobalSection
EndGlobal
